// !$*UTF8*$!
{
	archiveVersion = 1;
	classes = {
	};
	objectVersion = 56;
	objects = {

/* Begin PBXBuildFile section */
		3B4501242A619834008C4ED6 /* Header.swift in Sources */ = {isa = PBXBuildFile; fileRef = 3B4501232A619834008C4ED6 /* Header.swift */; };
		3B4501272A61A11D008C4ED6 /* Sections.swift in Sources */ = {isa = PBXBuildFile; fileRef = 3B4501262A61A11D008C4ED6 /* Sections.swift */; };
		3B45012C2A61B577008C4ED6 /* TabBarController.swift in Sources */ = {isa = PBXBuildFile; fileRef = 3B45012B2A61B577008C4ED6 /* TabBarController.swift */; };
		3B45012F2A61BD35008C4ED6 /* FirstTabBarViewController.swift in Sources */ = {isa = PBXBuildFile; fileRef = 3B45012E2A61BD35008C4ED6 /* FirstTabBarViewController.swift */; };
		3B4501312A61BDE7008C4ED6 /* SecondTabBarViewController.swift in Sources */ = {isa = PBXBuildFile; fileRef = 3B4501302A61BDE7008C4ED6 /* SecondTabBarViewController.swift */; };
		3B4501332A61BE37008C4ED6 /* ThirdTabBarViewController.swift in Sources */ = {isa = PBXBuildFile; fileRef = 3B4501322A61BE37008C4ED6 /* ThirdTabBarViewController.swift */; };
		3B4501352A61BE5A008C4ED6 /* FourthTabBarViewController.swift in Sources */ = {isa = PBXBuildFile; fileRef = 3B4501342A61BE5A008C4ED6 /* FourthTabBarViewController.swift */; };
		3B82F4E82A60083900E12C50 /* Launch Screen.storyboard in Resources */ = {isa = PBXBuildFile; fileRef = 3B82F4E72A60083900E12C50 /* Launch Screen.storyboard */; };
		3BEBAE512A5D69DE005F11CC /* AppDelegate.swift in Sources */ = {isa = PBXBuildFile; fileRef = 3BEBAE502A5D69DE005F11CC /* AppDelegate.swift */; };
		3BEBAE532A5D69DE005F11CC /* SceneDelegate.swift in Sources */ = {isa = PBXBuildFile; fileRef = 3BEBAE522A5D69DE005F11CC /* SceneDelegate.swift */; };
		3BEBAE552A5D69DE005F11CC /* ViewController.swift in Sources */ = {isa = PBXBuildFile; fileRef = 3BEBAE542A5D69DE005F11CC /* ViewController.swift */; };
		3BEBAE5A2A5D69DF005F11CC /* Assets.xcassets in Resources */ = {isa = PBXBuildFile; fileRef = 3BEBAE592A5D69DF005F11CC /* Assets.xcassets */; };
		3BEBAE6B2A5E7829005F11CC /* Model.swift in Sources */ = {isa = PBXBuildFile; fileRef = 3BEBAE6A2A5E7829005F11CC /* Model.swift */; };
		3BEBAE6D2A5E78C5005F11CC /* AlbumCell.swift in Sources */ = {isa = PBXBuildFile; fileRef = 3BEBAE6C2A5E78C5005F11CC /* AlbumCell.swift */; };
		3BEBAE6F2A5E78DB005F11CC /* TabelCell.swift in Sources */ = {isa = PBXBuildFile; fileRef = 3BEBAE6E2A5E78DB005F11CC /* TabelCell.swift */; };
		3BEBAE712A5EB7C9005F11CC /* Extensions.swift in Sources */ = {isa = PBXBuildFile; fileRef = 3BEBAE702A5EB7C9005F11CC /* Extensions.swift */; };
/* End PBXBuildFile section */

/* Begin PBXFileReference section */
		3B4501232A619834008C4ED6 /* Header.swift */ = {isa = PBXFileReference; lastKnownFileType = sourcecode.swift; path = Header.swift; sourceTree = "<group>"; };
		3B4501262A61A11D008C4ED6 /* Sections.swift */ = {isa = PBXFileReference; lastKnownFileType = sourcecode.swift; path = Sections.swift; sourceTree = "<group>"; };
		3B45012B2A61B577008C4ED6 /* TabBarController.swift */ = {isa = PBXFileReference; lastKnownFileType = sourcecode.swift; path = TabBarController.swift; sourceTree = "<group>"; };
		3B45012E2A61BD35008C4ED6 /* FirstTabBarViewController.swift */ = {isa = PBXFileReference; lastKnownFileType = sourcecode.swift; path = FirstTabBarViewController.swift; sourceTree = "<group>"; };
		3B4501302A61BDE7008C4ED6 /* SecondTabBarViewController.swift */ = {isa = PBXFileReference; lastKnownFileType = sourcecode.swift; path = SecondTabBarViewController.swift; sourceTree = "<group>"; };
		3B4501322A61BE37008C4ED6 /* ThirdTabBarViewController.swift */ = {isa = PBXFileReference; lastKnownFileType = sourcecode.swift; path = ThirdTabBarViewController.swift; sourceTree = "<group>"; };
		3B4501342A61BE5A008C4ED6 /* FourthTabBarViewController.swift */ = {isa = PBXFileReference; lastKnownFileType = sourcecode.swift; path = FourthTabBarViewController.swift; sourceTree = "<group>"; };
		3B82F4E72A60083900E12C50 /* Launch Screen.storyboard */ = {isa = PBXFileReference; lastKnownFileType = file.storyboard; path = "Launch Screen.storyboard"; sourceTree = "<group>"; };
		3BEBAE4D2A5D69DE005F11CC /* IOS10-HW14-KalykAzhar.app */ = {isa = PBXFileReference; explicitFileType = wrapper.application; includeInIndex = 0; path = "IOS10-HW14-KalykAzhar.app"; sourceTree = BUILT_PRODUCTS_DIR; };
		3BEBAE502A5D69DE005F11CC /* AppDelegate.swift */ = {isa = PBXFileReference; lastKnownFileType = sourcecode.swift; path = AppDelegate.swift; sourceTree = "<group>"; };
		3BEBAE522A5D69DE005F11CC /* SceneDelegate.swift */ = {isa = PBXFileReference; lastKnownFileType = sourcecode.swift; path = SceneDelegate.swift; sourceTree = "<group>"; };
		3BEBAE542A5D69DE005F11CC /* ViewController.swift */ = {isa = PBXFileReference; lastKnownFileType = sourcecode.swift; path = ViewController.swift; sourceTree = "<group>"; };
		3BEBAE592A5D69DF005F11CC /* Assets.xcassets */ = {isa = PBXFileReference; lastKnownFileType = folder.assetcatalog; path = Assets.xcassets; sourceTree = "<group>"; };
		3BEBAE5E2A5D69DF005F11CC /* Info.plist */ = {isa = PBXFileReference; lastKnownFileType = text.plist.xml; path = Info.plist; sourceTree = "<group>"; };
		3BEBAE6A2A5E7829005F11CC /* Model.swift */ = {isa = PBXFileReference; lastKnownFileType = sourcecode.swift; path = Model.swift; sourceTree = "<group>"; };
		3BEBAE6C2A5E78C5005F11CC /* AlbumCell.swift */ = {isa = PBXFileReference; lastKnownFileType = sourcecode.swift; path = AlbumCell.swift; sourceTree = "<group>"; };
		3BEBAE6E2A5E78DB005F11CC /* TabelCell.swift */ = {isa = PBXFileReference; lastKnownFileType = sourcecode.swift; path = TabelCell.swift; sourceTree = "<group>"; };
		3BEBAE702A5EB7C9005F11CC /* Extensions.swift */ = {isa = PBXFileReference; lastKnownFileType = sourcecode.swift; path = Extensions.swift; sourceTree = "<group>"; };
/* End PBXFileReference section */

/* Begin PBXFrameworksBuildPhase section */
		3BEBAE4A2A5D69DE005F11CC /* Frameworks */ = {
			isa = PBXFrameworksBuildPhase;
			buildActionMask = 2147483647;
			files = (
			);
			runOnlyForDeploymentPostprocessing = 0;
		};
/* End PBXFrameworksBuildPhase section */

/* Begin PBXGroup section */
		3B4501282A61A2D2008C4ED6 /* SectionsHeader */ = {
			isa = PBXGroup;
			children = (
				3B4501262A61A11D008C4ED6 /* Sections.swift */,
				3B4501232A619834008C4ED6 /* Header.swift */,
			);
			path = SectionsHeader;
			sourceTree = "<group>";
		};
		3B45012D2A61BD0F008C4ED6 /* TabBarController */ = {
			isa = PBXGroup;
			children = (
				3B45012B2A61B577008C4ED6 /* TabBarController.swift */,
				3B45012E2A61BD35008C4ED6 /* FirstTabBarViewController.swift */,
				3B4501302A61BDE7008C4ED6 /* SecondTabBarViewController.swift */,
				3B4501322A61BE37008C4ED6 /* ThirdTabBarViewController.swift */,
				3B4501342A61BE5A008C4ED6 /* FourthTabBarViewController.swift */,
			);
			path = TabBarController;
			sourceTree = "<group>";
		};
		3BEBAE442A5D69DE005F11CC = {
			isa = PBXGroup;
			children = (
				3BEBAE4F2A5D69DE005F11CC /* IOS10-HW14-KalykAzhar */,
				3BEBAE4E2A5D69DE005F11CC /* Products */,
			);
			sourceTree = "<group>";
		};
		3BEBAE4E2A5D69DE005F11CC /* Products */ = {
			isa = PBXGroup;
			children = (
				3BEBAE4D2A5D69DE005F11CC /* IOS10-HW14-KalykAzhar.app */,
			);
			name = Products;
			sourceTree = "<group>";
		};
		3BEBAE4F2A5D69DE005F11CC /* IOS10-HW14-KalykAzhar */ = {
			isa = PBXGroup;
			children = (
				3BEBAE662A5D6E2C005F11CC /* Sources */,
				3BEBAE642A5D6DFD005F11CC /* Resources */,
			);
			path = "IOS10-HW14-KalykAzhar";
			sourceTree = "<group>";
		};
		3BEBAE642A5D6DFD005F11CC /* Resources */ = {
			isa = PBXGroup;
			children = (
				3BEBAE592A5D69DF005F11CC /* Assets.xcassets */,
				3B82F4E72A60083900E12C50 /* Launch Screen.storyboard */,
				3BEBAE5E2A5D69DF005F11CC /* Info.plist */,
			);
			path = Resources;
			sourceTree = "<group>";
		};
		3BEBAE652A5D6E20005F11CC /* CollectionView */ = {
			isa = PBXGroup;
			children = (
				3BEBAE692A5E780D005F11CC /* View */,
				3BEBAE682A5E7801005F11CC /* Model */,
				3BEBAE672A5E77F7005F11CC /* Cell */,
			);
			path = CollectionView;
			sourceTree = "<group>";
		};
		3BEBAE662A5D6E2C005F11CC /* Sources */ = {
			isa = PBXGroup;
			children = (
				3BEBAE522A5D69DE005F11CC /* SceneDelegate.swift */,
				3BEBAE502A5D69DE005F11CC /* AppDelegate.swift */,
				3BEBAE652A5D6E20005F11CC /* CollectionView */,
			);
			path = Sources;
			sourceTree = "<group>";
		};
		3BEBAE672A5E77F7005F11CC /* Cell */ = {
			isa = PBXGroup;
			children = (
				3BEBAE6C2A5E78C5005F11CC /* AlbumCell.swift */,
				3BEBAE6E2A5E78DB005F11CC /* TabelCell.swift */,
				3BEBAE702A5EB7C9005F11CC /* Extensions.swift */,
				3B4501282A61A2D2008C4ED6 /* SectionsHeader */,
			);
			path = Cell;
			sourceTree = "<group>";
		};
		3BEBAE682A5E7801005F11CC /* Model */ = {
			isa = PBXGroup;
			children = (
				3BEBAE6A2A5E7829005F11CC /* Model.swift */,
			);
			path = Model;
			sourceTree = "<group>";
		};
		3BEBAE692A5E780D005F11CC /* View */ = {
			isa = PBXGroup;
			children = (
				3BEBAE542A5D69DE005F11CC /* ViewController.swift */,
				3B45012D2A61BD0F008C4ED6 /* TabBarController */,
			);
			path = View;
			sourceTree = "<group>";
		};
/* End PBXGroup section */

/* Begin PBXNativeTarget section */
		3BEBAE4C2A5D69DE005F11CC /* IOS10-HW14-KalykAzhar */ = {
			isa = PBXNativeTarget;
			buildConfigurationList = 3BEBAE612A5D69DF005F11CC /* Build configuration list for PBXNativeTarget "IOS10-HW14-KalykAzhar" */;
			buildPhases = (
				3BEBAE492A5D69DE005F11CC /* Sources */,
				3BEBAE4A2A5D69DE005F11CC /* Frameworks */,
				3BEBAE4B2A5D69DE005F11CC /* Resources */,
			);
			buildRules = (
			);
			dependencies = (
			);
			name = "IOS10-HW14-KalykAzhar";
			productName = "IOS10-HW14-KalykAzhar";
			productReference = 3BEBAE4D2A5D69DE005F11CC /* IOS10-HW14-KalykAzhar.app */;
			productType = "com.apple.product-type.application";
		};
/* End PBXNativeTarget section */

/* Begin PBXProject section */
		3BEBAE452A5D69DE005F11CC /* Project object */ = {
			isa = PBXProject;
			attributes = {
				BuildIndependentTargetsInParallel = 1;
				LastSwiftUpdateCheck = 1430;
				LastUpgradeCheck = 1430;
				TargetAttributes = {
					3BEBAE4C2A5D69DE005F11CC = {
						CreatedOnToolsVersion = 14.3.1;
					};
				};
			};
			buildConfigurationList = 3BEBAE482A5D69DE005F11CC /* Build configuration list for PBXProject "IOS10-HW14-KalykAzhar" */;
			compatibilityVersion = "Xcode 14.0";
			developmentRegion = en;
			hasScannedForEncodings = 0;
			knownRegions = (
				en,
				Base,
			);
			mainGroup = 3BEBAE442A5D69DE005F11CC;
			productRefGroup = 3BEBAE4E2A5D69DE005F11CC /* Products */;
			projectDirPath = "";
			projectRoot = "";
			targets = (
				3BEBAE4C2A5D69DE005F11CC /* IOS10-HW14-KalykAzhar */,
			);
		};
/* End PBXProject section */

/* Begin PBXResourcesBuildPhase section */
		3BEBAE4B2A5D69DE005F11CC /* Resources */ = {
			isa = PBXResourcesBuildPhase;
			buildActionMask = 2147483647;
			files = (
				3B82F4E82A60083900E12C50 /* Launch Screen.storyboard in Resources */,
				3BEBAE5A2A5D69DF005F11CC /* Assets.xcassets in Resources */,
			);
			runOnlyForDeploymentPostprocessing = 0;
		};
/* End PBXResourcesBuildPhase section */

/* Begin PBXSourcesBuildPhase section */
		3BEBAE492A5D69DE005F11CC /* Sources */ = {
			isa = PBXSourcesBuildPhase;
			buildActionMask = 2147483647;
			files = (
				3BEBAE552A5D69DE005F11CC /* ViewController.swift in Sources */,
				3B45012C2A61B577008C4ED6 /* TabBarController.swift in Sources */,
				3B4501242A619834008C4ED6 /* Header.swift in Sources */,
				3B4501332A61BE37008C4ED6 /* ThirdTabBarViewController.swift in Sources */,
				3BEBAE512A5D69DE005F11CC /* AppDelegate.swift in Sources */,
				3BEBAE6D2A5E78C5005F11CC /* AlbumCell.swift in Sources */,
				3BEBAE532A5D69DE005F11CC /* SceneDelegate.swift in Sources */,
				3B4501272A61A11D008C4ED6 /* Sections.swift in Sources */,
				3BEBAE6F2A5E78DB005F11CC /* TabelCell.swift in Sources */,
				3BEBAE6B2A5E7829005F11CC /* Model.swift in Sources */,
				3B4501312A61BDE7008C4ED6 /* SecondTabBarViewController.swift in Sources */,
				3BEBAE712A5EB7C9005F11CC /* Extensions.swift in Sources */,
				3B4501352A61BE5A008C4ED6 /* FourthTabBarViewController.swift in Sources */,
				3B45012F2A61BD35008C4ED6 /* FirstTabBarViewController.swift in Sources */,
			);
			runOnlyForDeploymentPostprocessing = 0;
		};
/* End PBXSourcesBuildPhase section */

/* Begin XCBuildConfiguration section */
		3BEBAE5F2A5D69DF005F11CC /* Debug */ = {
			isa = XCBuildConfiguration;
			buildSettings = {
				ALWAYS_SEARCH_USER_PATHS = NO;
				CLANG_ANALYZER_NONNULL = YES;
				CLANG_ANALYZER_NUMBER_OBJECT_CONVERSION = YES_AGGRESSIVE;
				CLANG_CXX_LANGUAGE_STANDARD = "gnu++20";
				CLANG_ENABLE_MODULES = YES;
				CLANG_ENABLE_OBJC_ARC = YES;
				CLANG_ENABLE_OBJC_WEAK = YES;
				CLANG_WARN_BLOCK_CAPTURE_AUTORELEASING = YES;
				CLANG_WARN_BOOL_CONVERSION = YES;
				CLANG_WARN_COMMA = YES;
				CLANG_WARN_CONSTANT_CONVERSION = YES;
				CLANG_WARN_DEPRECATED_OBJC_IMPLEMENTATIONS = YES;
				CLANG_WARN_DIRECT_OBJC_ISA_USAGE = YES_ERROR;
				CLANG_WARN_DOCUMENTATION_COMMENTS = YES;
				CLANG_WARN_EMPTY_BODY = YES;
				CLANG_WARN_ENUM_CONVERSION = YES;
				CLANG_WARN_INFINITE_RECURSION = YES;
				CLANG_WARN_INT_CONVERSION = YES;
				CLANG_WARN_NON_LITERAL_NULL_CONVERSION = YES;
				CLANG_WARN_OBJC_IMPLICIT_RETAIN_SELF = YES;
				CLANG_WARN_OBJC_LITERAL_CONVERSION = YES;
				CLANG_WARN_OBJC_ROOT_CLASS = YES_ERROR;
				CLANG_WARN_QUOTED_INCLUDE_IN_FRAMEWORK_HEADER = YES;
				CLANG_WARN_RANGE_LOOP_ANALYSIS = YES;
				CLANG_WARN_STRICT_PROTOTYPES = YES;
				CLANG_WARN_SUSPICIOUS_MOVE = YES;
				CLANG_WARN_UNGUARDED_AVAILABILITY = YES_AGGRESSIVE;
				CLANG_WARN_UNREACHABLE_CODE = YES;
				CLANG_WARN__DUPLICATE_METHOD_MATCH = YES;
				COPY_PHASE_STRIP = NO;
				DEBUG_INFORMATION_FORMAT = dwarf;
				ENABLE_STRICT_OBJC_MSGSEND = YES;
				ENABLE_TESTABILITY = YES;
				GCC_C_LANGUAGE_STANDARD = gnu11;
				GCC_DYNAMIC_NO_PIC = NO;
				GCC_NO_COMMON_BLOCKS = YES;
				GCC_OPTIMIZATION_LEVEL = 0;
				GCC_PREPROCESSOR_DEFINITIONS = (
					"DEBUG=1",
					"$(inherited)",
				);
				GCC_WARN_64_TO_32_BIT_CONVERSION = YES;
				GCC_WARN_ABOUT_RETURN_TYPE = YES_ERROR;
				GCC_WARN_UNDECLARED_SELECTOR = YES;
				GCC_WARN_UNINITIALIZED_AUTOS = YES_AGGRESSIVE;
				GCC_WARN_UNUSED_FUNCTION = YES;
				GCC_WARN_UNUSED_VARIABLE = YES;
				IPHONEOS_DEPLOYMENT_TARGET = 16.4;
				MTL_ENABLE_DEBUG_INFO = INCLUDE_SOURCE;
				MTL_FAST_MATH = YES;
				ONLY_ACTIVE_ARCH = YES;
				SDKROOT = iphoneos;
				SWIFT_ACTIVE_COMPILATION_CONDITIONS = DEBUG;
				SWIFT_OPTIMIZATION_LEVEL = "-Onone";
			};
			name = Debug;
		};
		3BEBAE602A5D69DF005F11CC /* Release */ = {
			isa = XCBuildConfiguration;
			buildSettings = {
				ALWAYS_SEARCH_USER_PATHS = NO;
				CLANG_ANALYZER_NONNULL = YES;
				CLANG_ANALYZER_NUMBER_OBJECT_CONVERSION = YES_AGGRESSIVE;
				CLANG_CXX_LANGUAGE_STANDARD = "gnu++20";
				CLANG_ENABLE_MODULES = YES;
				CLANG_ENABLE_OBJC_ARC = YES;
				CLANG_ENABLE_OBJC_WEAK = YES;
				CLANG_WARN_BLOCK_CAPTURE_AUTORELEASING = YES;
				CLANG_WARN_BOOL_CONVERSION = YES;
				CLANG_WARN_COMMA = YES;
				CLANG_WARN_CONSTANT_CONVERSION = YES;
				CLANG_WARN_DEPRECATED_OBJC_IMPLEMENTATIONS = YES;
				CLANG_WARN_DIRECT_OBJC_ISA_USAGE = YES_ERROR;
				CLANG_WARN_DOCUMENTATION_COMMENTS = YES;
				CLANG_WARN_EMPTY_BODY = YES;
				CLANG_WARN_ENUM_CONVERSION = YES;
				CLANG_WARN_INFINITE_RECURSION = YES;
				CLANG_WARN_INT_CONVERSION = YES;
				CLANG_WARN_NON_LITERAL_NULL_CONVERSION = YES;
				CLANG_WARN_OBJC_IMPLICIT_RETAIN_SELF = YES;
				CLANG_WARN_OBJC_LITERAL_CONVERSION = YES;
				CLANG_WARN_OBJC_ROOT_CLASS = YES_ERROR;
				CLANG_WARN_QUOTED_INCLUDE_IN_FRAMEWORK_HEADER = YES;
				CLANG_WARN_RANGE_LOOP_ANALYSIS = YES;
				CLANG_WARN_STRICT_PROTOTYPES = YES;
				CLANG_WARN_SUSPICIOUS_MOVE = YES;
				CLANG_WARN_UNGUARDED_AVAILABILITY = YES_AGGRESSIVE;
				CLANG_WARN_UNREACHABLE_CODE = YES;
				CLANG_WARN__DUPLICATE_METHOD_MATCH = YES;
				COPY_PHASE_STRIP = NO;
				DEBUG_INFORMATION_FORMAT = "dwarf-with-dsym";
				ENABLE_NS_ASSERTIONS = NO;
				ENABLE_STRICT_OBJC_MSGSEND = YES;
				GCC_C_LANGUAGE_STANDARD = gnu11;
				GCC_NO_COMMON_BLOCKS = YES;
				GCC_WARN_64_TO_32_BIT_CONVERSION = YES;
				GCC_WARN_ABOUT_RETURN_TYPE = YES_ERROR;
				GCC_WARN_UNDECLARED_SELECTOR = YES;
				GCC_WARN_UNINITIALIZED_AUTOS = YES_AGGRESSIVE;
				GCC_WARN_UNUSED_FUNCTION = YES;
				GCC_WARN_UNUSED_VARIABLE = YES;
				IPHONEOS_DEPLOYMENT_TARGET = 16.4;
				MTL_ENABLE_DEBUG_INFO = NO;
				MTL_FAST_MATH = YES;
				SDKROOT = iphoneos;
				SWIFT_COMPILATION_MODE = wholemodule;
				SWIFT_OPTIMIZATION_LEVEL = "-O";
				VALIDATE_PRODUCT = YES;
			};
			name = Release;
		};
		3BEBAE622A5D69DF005F11CC /* Debug */ = {
			isa = XCBuildConfiguration;
			buildSettings = {
				ASSETCATALOG_COMPILER_APPICON_NAME = AppIcon;
				ASSETCATALOG_COMPILER_GLOBAL_ACCENT_COLOR_NAME = AccentColor;
				CODE_SIGN_STYLE = Automatic;
				CURRENT_PROJECT_VERSION = 1;
				DEVELOPMENT_TEAM = QF9HR22348;
				GENERATE_INFOPLIST_FILE = YES;
				INFOPLIST_FILE = "IOS10-HW14-KalykAzhar/Resources/Info.plist";
				INFOPLIST_KEY_UIApplicationSupportsIndirectInputEvents = YES;
				INFOPLIST_KEY_UILaunchStoryboardName = "";
				INFOPLIST_KEY_UISupportedInterfaceOrientations_iPad = "UIInterfaceOrientationPortrait UIInterfaceOrientationPortraitUpsideDown UIInterfaceOrientationLandscapeLeft UIInterfaceOrientationLandscapeRight";
				INFOPLIST_KEY_UISupportedInterfaceOrientations_iPhone = "UIInterfaceOrientationPortrait UIInterfaceOrientationLandscapeLeft UIInterfaceOrientationLandscapeRight";
				IPHONEOS_DEPLOYMENT_TARGET = 16.4;
				LD_RUNPATH_SEARCH_PATHS = (
					"$(inherited)",
					"@executable_path/Frameworks",
				);
				MARKETING_VERSION = 1.0;
				PRODUCT_BUNDLE_IDENTIFIER = "com.kalyk.IOS10-HW14-KalykAzhar";
				PRODUCT_NAME = "$(TARGET_NAME)";
				SWIFT_EMIT_LOC_STRINGS = YES;
				SWIFT_VERSION = 5.0;
				TARGETED_DEVICE_FAMILY = "1,2";
			};
			name = Debug;
		};
		3BEBAE632A5D69DF005F11CC /* Release */ = {
			isa = XCBuildConfiguration;
			buildSettings = {
				ASSETCATALOG_COMPILER_APPICON_NAME = AppIcon;
				ASSETCATALOG_COMPILER_GLOBAL_ACCENT_COLOR_NAME = AccentColor;
				CODE_SIGN_STYLE = Automatic;
				CURRENT_PROJECT_VERSION = 1;
				DEVELOPMENT_TEAM = QF9HR22348;
				GENERATE_INFOPLIST_FILE = YES;
				INFOPLIST_FILE = "IOS10-HW14-KalykAzhar/Resources/Info.plist";
				INFOPLIST_KEY_UIApplicationSupportsIndirectInputEvents = YES;
				INFOPLIST_KEY_UILaunchStoryboardName = "";
				INFOPLIST_KEY_UISupportedInterfaceOrientations_iPad = "UIInterfaceOrientationPortrait UIInterfaceOrientationPortraitUpsideDown UIInterfaceOrientationLandscapeLeft UIInterfaceOrientationLandscapeRight";
				INFOPLIST_KEY_UISupportedInterfaceOrientations_iPhone = "UIInterfaceOrientationPortrait UIInterfaceOrientationLandscapeLeft UIInterfaceOrientationLandscapeRight";
				IPHONEOS_DEPLOYMENT_TARGET = 16.4;
				LD_RUNPATH_SEARCH_PATHS = (
					"$(inherited)",
					"@executable_path/Frameworks",
				);
				MARKETING_VERSION = 1.0;
				PRODUCT_BUNDLE_IDENTIFIER = "com.kalyk.IOS10-HW14-KalykAzhar";
				PRODUCT_NAME = "$(TARGET_NAME)";
				SWIFT_EMIT_LOC_STRINGS = YES;
				SWIFT_VERSION = 5.0;
				TARGETED_DEVICE_FAMILY = "1,2";
			};
			name = Release;
		};
/* End XCBuildConfiguration section */

/* Begin XCConfigurationList section */
		3BEBAE482A5D69DE005F11CC /* Build configuration list for PBXProject "IOS10-HW14-KalykAzhar" */ = {
			isa = XCConfigurationList;
			buildConfigurations = (
				3BEBAE5F2A5D69DF005F11CC /* Debug */,
				3BEBAE602A5D69DF005F11CC /* Release */,
			);
			defaultConfigurationIsVisible = 0;
			defaultConfigurationName = Release;
		};
		3BEBAE612A5D69DF005F11CC /* Build configuration list for PBXNativeTarget "IOS10-HW14-KalykAzhar" */ = {
			isa = XCConfigurationList;
			buildConfigurations = (
				3BEBAE622A5D69DF005F11CC /* Debug */,
				3BEBAE632A5D69DF005F11CC /* Release */,
			);
			defaultConfigurationIsVisible = 0;
			defaultConfigurationName = Release;
		};
/* End XCConfigurationList section */
	};
	rootObject = 3BEBAE452A5D69DE005F11CC /* Project object */;
}
